# This file is autogenerated, do not edit; changes may be undone by the next 'dep ensure'.


[[projects]]
  branch = "master"
  name = "github.com/containous/flaeg"
  packages = ["."]
  revision = "b5d2dc5878df07c2d74413348186982e7b865871"

[[projects]]
  branch = "master"
  name = "github.com/golang/protobuf"
  packages = ["proto"]
  revision = "130e6b02ab059e7b717a096f397c5b60111cae74"

[[projects]]
  branch = "master"
  name = "github.com/google/go-github"
  packages = ["github"]
  revision = "511f540f1887d30b88cee4a2fcd1f2922754acf4"

[[projects]]
  branch = "master"
  name = "github.com/google/go-querystring"
  packages = ["query"]
  revision = "53e6ce116135b80d037921a7fdd5138cf32d7a8a"

[[projects]]
  name = "github.com/ldez/go-git-cmd-wrapper"
  packages = [
    "checkout",
    "clone",
    "config",
    "fetch",
    "git",
    "merge",
    "push",
    "rebase",
    "remote",
    "types"
  ]
  revision = "3a6a6763670595a30e13ff56624f341ad87a46a2"
  version = "v0.19.0"

[[projects]]
  branch = "master"
  name = "github.com/ogier/pflag"
  packages = ["."]
  revision = "45c278ab3607870051a2ea9040bb85fcb8557481"

[[projects]]
  branch = "master"
  name = "golang.org/x/net"
  packages = [
    "context",
    "context/ctxhttp"
  ]
  revision = "0a9397675ba34b2845f758fe3cd68828369c6517"

[[projects]]
  branch = "master"
  name = "golang.org/x/oauth2"
  packages = [
    ".",
    "internal"
  ]
  revision = "13449ad91cb26cb47661c1b080790392170385fd"

[[projects]]
  branch = "master"
  name = "google.golang.org/appengine"
  packages = [
    "internal",
    "internal/base",
    "internal/datastore",
    "internal/log",
    "internal/remote_api",
    "internal/urlfetch",
    "urlfetch"
  ]
  revision = "24e4144ec923c2374f6b06610c0df16a9222c3d9"

[solve-meta]
  analyzer-name = "dep"
  analyzer-version = 1
  inputs-digest = "cfc7a16c973059047a775915de2ef7b9d4aca6864457d5cf4a143885d04c2ba2"
  solver-name = "gps-cdcl"
  solver-version = 1
